
Microsoft Visual Studio Solution File, Format Version 12.00
# Visual Studio 15
VisualStudioVersion = 15.0.26124.0
MinimumVisualStudioVersion = 15.0.26124.0
Project("{13B669BE-BB05-4DDF-9536-439F39A36129}") = "DocumentDb.Fluent", "Core\DocumentDb.Fluent.csproj", "{DF2F9435-DC23-4534-9492-10C3DE722333}"
EndProject
Project("{13B669BE-BB05-4DDF-9536-439F39A36129}") = "DocumentDb.Fluent.Tests", "Tests\DocumentDb.Fluent.Tests.csproj", "{B9FB4A98-EC93-4AE3-96CC-1A83F6B176B4}"
EndProject
Global
	GlobalSection(SolutionConfigurationPlatforms) = preSolution
		Debug|Any CPU = Debug|Any CPU
		Debug|x64 = Debug|x64
		Debug|x86 = Debug|x86
		Release|Any CPU = Release|Any CPU
		Release|x64 = Release|x64
		Release|x86 = Release|x86
	EndGlobalSection
	GlobalSection(SolutionProperties) = preSolution
		HideSolutionNode = FALSE
	EndGlobalSection
	GlobalSection(ProjectConfigurationPlatforms) = postSolution
		{DF2F9435-DC23-4534-9492-10C3DE722333}.Debug|Any CPU.ActiveCfg = Debug|Any CPU
		{DF2F9435-DC23-4534-9492-10C3DE722333}.Debug|Any CPU.Build.0 = Debug|Any CPU
		{DF2F9435-DC23-4534-9492-10C3DE722333}.Debug|x64.ActiveCfg = Debug|x64
		{DF2F9435-DC23-4534-9492-10C3DE722333}.Debug|x64.Build.0 = Debug|x64
		{DF2F9435-DC23-4534-9492-10C3DE722333}.Debug|x86.ActiveCfg = Debug|x86
		{DF2F9435-DC23-4534-9492-10C3DE722333}.Debug|x86.Build.0 = Debug|x86
		{DF2F9435-DC23-4534-9492-10C3DE722333}.Release|Any CPU.ActiveCfg = Release|Any CPU
		{DF2F9435-DC23-4534-9492-10C3DE722333}.Release|Any CPU.Build.0 = Release|Any CPU
		{DF2F9435-DC23-4534-9492-10C3DE722333}.Release|x64.ActiveCfg = Release|x64
		{DF2F9435-DC23-4534-9492-10C3DE722333}.Release|x64.Build.0 = Release|x64
		{DF2F9435-DC23-4534-9492-10C3DE722333}.Release|x86.ActiveCfg = Release|x86
		{DF2F9435-DC23-4534-9492-10C3DE722333}.Release|x86.Build.0 = Release|x86
		{B9FB4A98-EC93-4AE3-96CC-1A83F6B176B4}.Debug|Any CPU.ActiveCfg = Debug|Any CPU
		{B9FB4A98-EC93-4AE3-96CC-1A83F6B176B4}.Debug|Any CPU.Build.0 = Debug|Any CPU
		{B9FB4A98-EC93-4AE3-96CC-1A83F6B176B4}.Debug|x64.ActiveCfg = Debug|x64
		{B9FB4A98-EC93-4AE3-96CC-1A83F6B176B4}.Debug|x64.Build.0 = Debug|x64
		{B9FB4A98-EC93-4AE3-96CC-1A83F6B176B4}.Debug|x86.ActiveCfg = Debug|x86
		{B9FB4A98-EC93-4AE3-96CC-1A83F6B176B4}.Debug|x86.Build.0 = Debug|x86
		{B9FB4A98-EC93-4AE3-96CC-1A83F6B176B4}.Release|Any CPU.ActiveCfg = Release|Any CPU
		{B9FB4A98-EC93-4AE3-96CC-1A83F6B176B4}.Release|Any CPU.Build.0 = Release|Any CPU
		{B9FB4A98-EC93-4AE3-96CC-1A83F6B176B4}.Release|x64.ActiveCfg = Release|x64
		{B9FB4A98-EC93-4AE3-96CC-1A83F6B176B4}.Release|x64.Build.0 = Release|x64
		{B9FB4A98-EC93-4AE3-96CC-1A83F6B176B4}.Release|x86.ActiveCfg = Release|x86
		{B9FB4A98-EC93-4AE3-96CC-1A83F6B176B4}.Release|x86.Build.0 = Release|x86
	EndGlobalSection
EndGlobal
